// !$*UTF8*$!
{
	archiveVersion = 1;
	classes = {
	};
	objectVersion = 50;
	objects = {

/* Begin PBXBuildFile section */
		22109B7225E166EC00C1B423 /* Assets.xcassets in Resources */ = {isa = PBXBuildFile; fileRef = 22109B6925E166EC00C1B423 /* Assets.xcassets */; };
		22109B7325E166EC00C1B423 /* LaunchScreen.storyboard in Resources */ = {isa = PBXBuildFile; fileRef = 22109B6A25E166EC00C1B423 /* LaunchScreen.storyboard */; };
		22109B7425E166EC00C1B423 /* Main.storyboard in Resources */ = {isa = PBXBuildFile; fileRef = 22109B6C25E166EC00C1B423 /* Main.storyboard */; };
		22109B7525E166EC00C1B423 /* AppDelegate.swift in Sources */ = {isa = PBXBuildFile; fileRef = 22109B6E25E166EC00C1B423 /* AppDelegate.swift */; };
		22109B7725E166EC00C1B423 /* SceneDelegate.swift in Sources */ = {isa = PBXBuildFile; fileRef = 22109B7025E166EC00C1B423 /* SceneDelegate.swift */; };
		22109B8125E1677400C1B423 /* ExampleViewController.swift in Sources */ = {isa = PBXBuildFile; fileRef = 22109B7C25E1677400C1B423 /* ExampleViewController.swift */; };
		22109B8225E1677400C1B423 /* ChidoriMenu.swift in Sources */ = {isa = PBXBuildFile; fileRef = 22109B7D25E1677400C1B423 /* ChidoriMenu.swift */; };
		22109B8325E1677500C1B423 /* ChidoriPresentationController.swift in Sources */ = {isa = PBXBuildFile; fileRef = 22109B7E25E1677400C1B423 /* ChidoriPresentationController.swift */; };
		22109B8425E1677500C1B423 /* ChidoriMenuTableViewCell.swift in Sources */ = {isa = PBXBuildFile; fileRef = 22109B7F25E1677400C1B423 /* ChidoriMenuTableViewCell.swift */; };
		22109B8525E1677500C1B423 /* ChidoriAnimationController.swift in Sources */ = {isa = PBXBuildFile; fileRef = 22109B8025E1677400C1B423 /* ChidoriAnimationController.swift */; };
/* End PBXBuildFile section */

/* Begin PBXFileReference section */
		22109B4D25E166AC00C1B423 /* ChidoriMenuExample.app */ = {isa = PBXFileReference; explicitFileType = wrapper.application; includeInIndex = 0; path = ChidoriMenuExample.app; sourceTree = BUILT_PRODUCTS_DIR; };
		22109B6925E166EC00C1B423 /* Assets.xcassets */ = {isa = PBXFileReference; lastKnownFileType = folder.assetcatalog; path = Assets.xcassets; sourceTree = "<group>"; };
		22109B6B25E166EC00C1B423 /* Base */ = {isa = PBXFileReference; lastKnownFileType = file.storyboard; name = Base; path = Base.lproj/LaunchScreen.storyboard; sourceTree = "<group>"; };
		22109B6D25E166EC00C1B423 /* Base */ = {isa = PBXFileReference; lastKnownFileType = file.storyboard; name = Base; path = Base.lproj/Main.storyboard; sourceTree = "<group>"; };
		22109B6E25E166EC00C1B423 /* AppDelegate.swift */ = {isa = PBXFileReference; fileEncoding = 4; lastKnownFileType = sourcecode.swift; path = AppDelegate.swift; sourceTree = "<group>"; };
		22109B6F25E166EC00C1B423 /* Info.plist */ = {isa = PBXFileReference; fileEncoding = 4; lastKnownFileType = text.plist.xml; path = Info.plist; sourceTree = "<group>"; };
		22109B7025E166EC00C1B423 /* SceneDelegate.swift */ = {isa = PBXFileReference; fileEncoding = 4; lastKnownFileType = sourcecode.swift; path = SceneDelegate.swift; sourceTree = "<group>"; };
		22109B7C25E1677400C1B423 /* ExampleViewController.swift */ = {isa = PBXFileReference; fileEncoding = 4; lastKnownFileType = sourcecode.swift; path = ExampleViewController.swift; sourceTree = "<group>"; };
		22109B7D25E1677400C1B423 /* ChidoriMenu.swift */ = {isa = PBXFileReference; fileEncoding = 4; lastKnownFileType = sourcecode.swift; path = ChidoriMenu.swift; sourceTree = "<group>"; };
		22109B7E25E1677400C1B423 /* ChidoriPresentationController.swift */ = {isa = PBXFileReference; fileEncoding = 4; lastKnownFileType = sourcecode.swift; path = ChidoriPresentationController.swift; sourceTree = "<group>"; };
		22109B7F25E1677400C1B423 /* ChidoriMenuTableViewCell.swift */ = {isa = PBXFileReference; fileEncoding = 4; lastKnownFileType = sourcecode.swift; path = ChidoriMenuTableViewCell.swift; sourceTree = "<group>"; };
		22109B8025E1677400C1B423 /* ChidoriAnimationController.swift */ = {isa = PBXFileReference; fileEncoding = 4; lastKnownFileType = sourcecode.swift; path = ChidoriAnimationController.swift; sourceTree = "<group>"; };
/* End PBXFileReference section */

/* Begin PBXFrameworksBuildPhase section */
		22109B4A25E166AC00C1B423 /* Frameworks */ = {
			isa = PBXFrameworksBuildPhase;
			buildActionMask = 2147483647;
			files = (
			);
			runOnlyForDeploymentPostprocessing = 0;
		};
/* End PBXFrameworksBuildPhase section */

/* Begin PBXGroup section */
		22109B4425E166AC00C1B423 = {
			isa = PBXGroup;
			children = (
				22109B7B25E1677400C1B423 /* Source */,
				22109B6725E166EC00C1B423 /* Example */,
				22109B4E25E166AC00C1B423 /* Products */,
			);
			sourceTree = "<group>";
		};
		22109B4E25E166AC00C1B423 /* Products */ = {
			isa = PBXGroup;
			children = (
				22109B4D25E166AC00C1B423 /* ChidoriMenuExample.app */,
			);
			name = Products;
			sourceTree = "<group>";
		};
		22109B6725E166EC00C1B423 /* Example */ = {
			isa = PBXGroup;
			children = (
				22109B6925E166EC00C1B423 /* Assets.xcassets */,
				22109B6A25E166EC00C1B423 /* LaunchScreen.storyboard */,
				22109B6C25E166EC00C1B423 /* Main.storyboard */,
				22109B6E25E166EC00C1B423 /* AppDelegate.swift */,
				22109B6F25E166EC00C1B423 /* Info.plist */,
				22109B7025E166EC00C1B423 /* SceneDelegate.swift */,
			);
			path = Example;
			sourceTree = "<group>";
		};
		22109B7B25E1677400C1B423 /* Source */ = {
			isa = PBXGroup;
			children = (
				22109B7C25E1677400C1B423 /* ExampleViewController.swift */,
				22109B7D25E1677400C1B423 /* ChidoriMenu.swift */,
				22109B7E25E1677400C1B423 /* ChidoriPresentationController.swift */,
				22109B7F25E1677400C1B423 /* ChidoriMenuTableViewCell.swift */,
				22109B8025E1677400C1B423 /* ChidoriAnimationController.swift */,
			);
			path = Source;
			sourceTree = "<group>";
		};
/* End PBXGroup section */

/* Begin PBXNativeTarget section */
		22109B4C25E166AC00C1B423 /* ChidoriMenuExample */ = {
			isa = PBXNativeTarget;
			buildConfigurationList = 22109B6125E166AD00C1B423 /* Build configuration list for PBXNativeTarget "ChidoriMenuExample" */;
			buildPhases = (
				22109B4925E166AC00C1B423 /* Sources */,
				22109B4A25E166AC00C1B423 /* Frameworks */,
				22109B4B25E166AC00C1B423 /* Resources */,
			);
			buildRules = (
			);
			dependencies = (
			);
			name = ChidoriMenuExample;
			productName = ChidoriMenuExample;
			productReference = 22109B4D25E166AC00C1B423 /* ChidoriMenuExample.app */;
			productType = "com.apple.product-type.application";
		};
/* End PBXNativeTarget section */

/* Begin PBXProject section */
		22109B4525E166AC00C1B423 /* Project object */ = {
			isa = PBXProject;
			attributes = {
				LastSwiftUpdateCheck = 1230;
				LastUpgradeCheck = 1230;
				TargetAttributes = {
					22109B4C25E166AC00C1B423 = {
						CreatedOnToolsVersion = 12.3;
					};
				};
			};
			buildConfigurationList = 22109B4825E166AC00C1B423 /* Build configuration list for PBXProject "Example" */;
			compatibilityVersion = "Xcode 9.3";
			developmentRegion = en;
			hasScannedForEncodings = 0;
			knownRegions = (
				en,
				Base,
			);
			mainGroup = 22109B4425E166AC00C1B423;
			productRefGroup = 22109B4E25E166AC00C1B423 /* Products */;
			projectDirPath = "";
			projectRoot = "";
			targets = (
				22109B4C25E166AC00C1B423 /* ChidoriMenuExample */,
			);
		};
/* End PBXProject section */

/* Begin PBXResourcesBuildPhase section */
		22109B4B25E166AC00C1B423 /* Resources */ = {
			isa = PBXResourcesBuildPhase;
			buildActionMask = 2147483647;
			files = (
				22109B7425E166EC00C1B423 /* Main.storyboard in Resources */,
				22109B7225E166EC00C1B423 /* Assets.xcassets in Resources */,
				22109B7325E166EC00C1B423 /* LaunchScreen.storyboard in Resources */,
			);
			runOnlyForDeploymentPostprocessing = 0;
		};
/* End PBXResourcesBuildPhase section */

/* Begin PBXSourcesBuildPhase section */
		22109B4925E166AC00C1B423 /* Sources */ = {
			isa = PBXSourcesBuildPhase;
			buildActionMask = 2147483647;
			files = (
				22109B7525E166EC00C1B423 /* AppDelegate.swift in Sources */,
				22109B8225E1677400C1B423 /* ChidoriMenu.swift in Sources */,
				22109B8525E1677500C1B423 /* ChidoriAnimationController.swift in Sources */,
				22109B8325E1677500C1B423 /* ChidoriPresentationController.swift in Sources */,
				22109B8425E1677500C1B423 /* ChidoriMenuTableViewCell.swift in Sources */,
				22109B8125E1677400C1B423 /* ExampleViewController.swift in Sources */,
				22109B7725E166EC00C1B423 /* SceneDelegate.swift in Sources */,
			);
			runOnlyForDeploymentPostprocessing = 0;
		};
/* End PBXSourcesBuildPhase section */

/* Begin PBXVariantGroup section */
		22109B6A25E166EC00C1B423 /* LaunchScreen.storyboard */ = {
			isa = PBXVariantGroup;
			children = (
				22109B6B25E166EC00C1B423 /* Base */,
			);
			name = LaunchScreen.storyboard;
			sourceTree = "<group>";
		};
		22109B6C25E166EC00C1B423 /* Main.storyboard */ = {
			isa = PBXVariantGroup;
			children = (
				22109B6D25E166EC00C1B423 /* Base */,
			);
			name = Main.storyboard;
			sourceTree = "<group>";
		};
/* End PBXVariantGroup section */

/* Begin XCBuildConfiguration section */
		22109B5F25E166AD00C1B423 /* Debug */ = {
			isa = XCBuildConfiguration;
			buildSettings = {
				ALWAYS_SEARCH_USER_PATHS = NO;
				CLANG_ANALYZER_NONNULL = YES;
				CLANG_ANALYZER_NUMBER_OBJECT_CONVERSION = YES_AGGRESSIVE;
				CLANG_CXX_LANGUAGE_STANDARD = "gnu++14";
				CLANG_CXX_LIBRARY = "libc++";
				CLANG_ENABLE_MODULES = YES;
				CLANG_ENABLE_OBJC_ARC = YES;
				CLANG_ENABLE_OBJC_WEAK = YES;
				CLANG_WARN_BLOCK_CAPTURE_AUTORELEASING = YES;
				CLANG_WARN_BOOL_CONVERSION = YES;
				CLANG_WARN_COMMA = YES;
				CLANG_WARN_CONSTANT_CONVERSION = YES;
				CLANG_WARN_DEPRECATED_OBJC_IMPLEMENTATIONS = YES;
				CLANG_WARN_DIRECT_OBJC_ISA_USAGE = YES_ERROR;
				CLANG_WARN_DOCUMENTATION_COMMENTS = YES;
				CLANG_WARN_EMPTY_BODY = YES;
				CLANG_WARN_ENUM_CONVERSION = YES;
				CLANG_WARN_INFINITE_RECURSION = YES;
				CLANG_WARN_INT_CONVERSION = YES;
				CLANG_WARN_NON_LITERAL_NULL_CONVERSION = YES;
				CLANG_WARN_OBJC_IMPLICIT_RETAIN_SELF = YES;
				CLANG_WARN_OBJC_LITERAL_CONVERSION = YES;
				CLANG_WARN_OBJC_ROOT_CLASS = YES_ERROR;
				CLANG_WARN_QUOTED_INCLUDE_IN_FRAMEWORK_HEADER = YES;
				CLANG_WARN_RANGE_LOOP_ANALYSIS = YES;
				CLANG_WARN_STRICT_PROTOTYPES = YES;
				CLANG_WARN_SUSPICIOUS_MOVE = YES;
				CLANG_WARN_UNGUARDED_AVAILABILITY = YES_AGGRESSIVE;
				CLANG_WARN_UNREACHABLE_CODE = YES;
				CLANG_WARN__DUPLICATE_METHOD_MATCH = YES;
				COPY_PHASE_STRIP = NO;
				DEBUG_INFORMATION_FORMAT = dwarf;
				ENABLE_STRICT_OBJC_MSGSEND = YES;
				ENABLE_TESTABILITY = YES;
				GCC_C_LANGUAGE_STANDARD = gnu11;
				GCC_DYNAMIC_NO_PIC = NO;
				GCC_NO_COMMON_BLOCKS = YES;
				GCC_OPTIMIZATION_LEVEL = 0;
				GCC_PREPROCESSOR_DEFINITIONS = (
					"DEBUG=1",
					"$(inherited)",
				);
				GCC_WARN_64_TO_32_BIT_CONVERSION = YES;
				GCC_WARN_ABOUT_RETURN_TYPE = YES_ERROR;
				GCC_WARN_UNDECLARED_SELECTOR = YES;
				GCC_WARN_UNINITIALIZED_AUTOS = YES_AGGRESSIVE;
				GCC_WARN_UNUSED_FUNCTION = YES;
				GCC_WARN_UNUSED_VARIABLE = YES;
				IPHONEOS_DEPLOYMENT_TARGET = 14.3;
				MTL_ENABLE_DEBUG_INFO = INCLUDE_SOURCE;
				MTL_FAST_MATH = YES;
				ONLY_ACTIVE_ARCH = YES;
				SDKROOT = iphoneos;
				SWIFT_ACTIVE_COMPILATION_CONDITIONS = DEBUG;
				SWIFT_OPTIMIZATION_LEVEL = "-Onone";
			};
			name = Debug;
		};
		22109B6025E166AD00C1B423 /* Release */ = {
			isa = XCBuildConfiguration;
			buildSettings = {
				ALWAYS_SEARCH_USER_PATHS = NO;
				CLANG_ANALYZER_NONNULL = YES;
				CLANG_ANALYZER_NUMBER_OBJECT_CONVERSION = YES_AGGRESSIVE;
				CLANG_CXX_LANGUAGE_STANDARD = "gnu++14";
				CLANG_CXX_LIBRARY = "libc++";
				CLANG_ENABLE_MODULES = YES;
				CLANG_ENABLE_OBJC_ARC = YES;
				CLANG_ENABLE_OBJC_WEAK = YES;
				CLANG_WARN_BLOCK_CAPTURE_AUTORELEASING = YES;
				CLANG_WARN_BOOL_CONVERSION = YES;
				CLANG_WARN_COMMA = YES;
				CLANG_WARN_CONSTANT_CONVERSION = YES;
				CLANG_WARN_DEPRECATED_OBJC_IMPLEMENTATIONS = YES;
				CLANG_WARN_DIRECT_OBJC_ISA_USAGE = YES_ERROR;
				CLANG_WARN_DOCUMENTATION_COMMENTS = YES;
				CLANG_WARN_EMPTY_BODY = YES;
				CLANG_WARN_ENUM_CONVERSION = YES;
				CLANG_WARN_INFINITE_RECURSION = YES;
				CLANG_WARN_INT_CONVERSION = YES;
				CLANG_WARN_NON_LITERAL_NULL_CONVERSION = YES;
				CLANG_WARN_OBJC_IMPLICIT_RETAIN_SELF = YES;
				CLANG_WARN_OBJC_LITERAL_CONVERSION = YES;
				CLANG_WARN_OBJC_ROOT_CLASS = YES_ERROR;
				CLANG_WARN_QUOTED_INCLUDE_IN_FRAMEWORK_HEADER = YES;
				CLANG_WARN_RANGE_LOOP_ANALYSIS = YES;
				CLANG_WARN_STRICT_PROTOTYPES = YES;
				CLANG_WARN_SUSPICIOUS_MOVE = YES;
				CLANG_WARN_UNGUARDED_AVAILABILITY = YES_AGGRESSIVE;
				CLANG_WARN_UNREACHABLE_CODE = YES;
				CLANG_WARN__DUPLICATE_METHOD_MATCH = YES;
				COPY_PHASE_STRIP = NO;
				DEBUG_INFORMATION_FORMAT = "dwarf-with-dsym";
				ENABLE_NS_ASSERTIONS = NO;
				ENABLE_STRICT_OBJC_MSGSEND = YES;
				GCC_C_LANGUAGE_STANDARD = gnu11;
				GCC_NO_COMMON_BLOCKS = YES;
				GCC_WARN_64_TO_32_BIT_CONVERSION = YES;
				GCC_WARN_ABOUT_RETURN_TYPE = YES_ERROR;
				GCC_WARN_UNDECLARED_SELECTOR = YES;
				GCC_WARN_UNINITIALIZED_AUTOS = YES_AGGRESSIVE;
				GCC_WARN_UNUSED_FUNCTION = YES;
				GCC_WARN_UNUSED_VARIABLE = YES;
				IPHONEOS_DEPLOYMENT_TARGET = 14.3;
				MTL_ENABLE_DEBUG_INFO = NO;
				MTL_FAST_MATH = YES;
				SDKROOT = iphoneos;
				SWIFT_COMPILATION_MODE = wholemodule;
				SWIFT_OPTIMIZATION_LEVEL = "-O";
				VALIDATE_PRODUCT = YES;
			};
			name = Release;
		};
		22109B6225E166AD00C1B423 /* Debug */ = {
			isa = XCBuildConfiguration;
			buildSettings = {
				ASSETCATALOG_COMPILER_APPICON_NAME = AppIcon;
				ASSETCATALOG_COMPILER_GLOBAL_ACCENT_COLOR_NAME = AccentColor;
				CODE_SIGN_STYLE = Automatic;
				DEVELOPMENT_TEAM = 6LF3GMKZAB;
				INFOPLIST_FILE = "$(SRCROOT)/Example/Info.plist";
				LD_RUNPATH_SEARCH_PATHS = (
					"$(inherited)",
					"@executable_path/Frameworks",
				);
				PRODUCT_BUNDLE_IDENTIFIER = dev.tim.ChidoriMenuExample;
				PRODUCT_NAME = "$(TARGET_NAME)";
				SWIFT_VERSION = 5.0;
				TARGETED_DEVICE_FAMILY = "1,2";
			};
			name = Debug;
		};
		22109B6325E166AD00C1B423 /* Release */ = {
			isa = XCBuildConfiguration;
			buildSettings = {
				ASSETCATALOG_COMPILER_APPICON_NAME = AppIcon;
				ASSETCATALOG_COMPILER_GLOBAL_ACCENT_COLOR_NAME = AccentColor;
				CODE_SIGN_STYLE = Automatic;
				DEVELOPMENT_TEAM = 6LF3GMKZAB;
				INFOPLIST_FILE = "$(SRCROOT)/Example/Info.plist";
				LD_RUNPATH_SEARCH_PATHS = (
					"$(inherited)",
					"@executable_path/Frameworks",
				);
				PRODUCT_BUNDLE_IDENTIFIER = dev.tim.ChidoriMenuExample;
				PRODUCT_NAME = "$(TARGET_NAME)";
				SWIFT_VERSION = 5.0;
				TARGETED_DEVICE_FAMILY = "1,2";
			};
			name = Release;
		};
/* End XCBuildConfiguration section */

/* Begin XCConfigurationList section */
		22109B4825E166AC00C1B423 /* Build configuration list for PBXProject "Example" */ = {
			isa = XCConfigurationList;
			buildConfigurations = (
				22109B5F25E166AD00C1B423 /* Debug */,
				22109B6025E166AD00C1B423 /* Release */,
			);
			defaultConfigurationIsVisible = 0;
			defaultConfigurationName = Release;
		};
		22109B6125E166AD00C1B423 /* Build configuration list for PBXNativeTarget "ChidoriMenuExample" */ = {
			isa = XCConfigurationList;
			buildConfigurations = (
				22109B6225E166AD00C1B423 /* Debug */,
				22109B6325E166AD00C1B423 /* Release */,
			);
			defaultConfigurationIsVisible = 0;
			defaultConfigurationName = Release;
		};
/* End XCConfigurationList section */
	};
	rootObject = 22109B4525E166AC00C1B423 /* Project object */;
}
